
Microsoft Visual Studio Solution File, Format Version 12.00
# Visual Studio 15
VisualStudioVersion = 15.0.27428.2037
MinimumVisualStudioVersion = 10.0.40219.1
Project("{151D2E53-A2C4-4D7D-83FE-D05416EBD58E}") = "BackendAzureResources", "BackendAzureResources\BackendAzureResources.deployproj", "{23E88358-39F8-49C5-9ACC-3426AF533A9F}"
EndProject
Project("{9A19103F-16F7-4668-BE54-9A1E7A4F7556}") = "ConvergenceService", "ConvergenceService\ConvergenceService.csproj", "{0E41FFE5-BA8F-438D-88B0-8D3A1905BB6E}"
EndProject
Project("{E53339B2-1760-4266-BCC7-CA923CBCF16C}") = "docker-compose", "docker-compose.dcproj", "{4D94E8C1-E05E-4F7A-A2C6-676ACEC804E9}"
EndProject
Project("{9A19103F-16F7-4668-BE54-9A1E7A4F7556}") = "TradingService", "TradingService\TradingService.csproj", "{E01E61B4-46F6-4522-B1B7-8E1401BD0441}"
EndProject
Project("{FAE04EC0-301F-11D3-BF4B-00C04F79EFBC}") = "ConstantsLibrary", "ConstantsLibrary\ConstantsLibrary.csproj", "{FB28499F-9B92-4A8C-AD47-F49F33F87B30}"
EndProject
Project("{2150E333-8FDC-42A3-9474-1A3956D46DE8}") = "SolutionItems", "SolutionItems", "{1C065215-82E8-4D2D-939B-E121D22049EE}"
ProjectSection(SolutionItems) = preProject
	.editorconfig = .editorconfig
EndProjectSection
EndProject
Project("{FAE04EC0-301F-11D3-BF4B-00C04F79EFBC}") = "ViewService", "ViewService\ViewService.csproj", "{986BE2B8-C05F-4BCF-938B-63C1393A7C94}"
EndProject
Project("{FAE04EC0-301F-11D3-BF4B-00C04F79EFBC}") = "WalletService", "WalletService\WalletService.csproj", "{15E983E8-901F-486A-9C6B-CE4EFBB96E6E}"
EndProject
Project("{FAE04EC0-301F-11D3-BF4B-00C04F79EFBC}") = "DatabaseAccess", "DatabaseAccess\DatabaseAccess.csproj", "{FBB5EFD3-5B9F-426D-BBDF-37A35082E507}"
EndProject
Global
	GlobalSection(SolutionConfigurationPlatforms) = preSolution
		Debug|Any CPU = Debug|Any CPU
		Release|Any CPU = Release|Any CPU
	EndGlobalSection
	GlobalSection(ProjectConfigurationPlatforms) = postSolution
		{23E88358-39F8-49C5-9ACC-3426AF533A9F}.Debug|Any CPU.ActiveCfg = Debug|Any CPU
		{23E88358-39F8-49C5-9ACC-3426AF533A9F}.Release|Any CPU.ActiveCfg = Release|Any CPU
		{23E88358-39F8-49C5-9ACC-3426AF533A9F}.Release|Any CPU.Build.0 = Release|Any CPU
		{0E41FFE5-BA8F-438D-88B0-8D3A1905BB6E}.Debug|Any CPU.ActiveCfg = Debug|Any CPU
		{0E41FFE5-BA8F-438D-88B0-8D3A1905BB6E}.Debug|Any CPU.Build.0 = Debug|Any CPU
		{0E41FFE5-BA8F-438D-88B0-8D3A1905BB6E}.Release|Any CPU.ActiveCfg = Release|Any CPU
		{0E41FFE5-BA8F-438D-88B0-8D3A1905BB6E}.Release|Any CPU.Build.0 = Release|Any CPU
		{4D94E8C1-E05E-4F7A-A2C6-676ACEC804E9}.Debug|Any CPU.ActiveCfg = Debug|Any CPU
		{4D94E8C1-E05E-4F7A-A2C6-676ACEC804E9}.Release|Any CPU.ActiveCfg = Release|Any CPU
		{4D94E8C1-E05E-4F7A-A2C6-676ACEC804E9}.Release|Any CPU.Build.0 = Release|Any CPU
		{E01E61B4-46F6-4522-B1B7-8E1401BD0441}.Debug|Any CPU.ActiveCfg = Debug|Any CPU
		{E01E61B4-46F6-4522-B1B7-8E1401BD0441}.Debug|Any CPU.Build.0 = Debug|Any CPU
		{E01E61B4-46F6-4522-B1B7-8E1401BD0441}.Release|Any CPU.ActiveCfg = Release|Any CPU
		{E01E61B4-46F6-4522-B1B7-8E1401BD0441}.Release|Any CPU.Build.0 = Release|Any CPU
		{FB28499F-9B92-4A8C-AD47-F49F33F87B30}.Debug|Any CPU.ActiveCfg = Debug|Any CPU
		{FB28499F-9B92-4A8C-AD47-F49F33F87B30}.Release|Any CPU.ActiveCfg = Release|Any CPU
		{FB28499F-9B92-4A8C-AD47-F49F33F87B30}.Release|Any CPU.Build.0 = Release|Any CPU
		{FB28499F-9B92-4A8C-AD47-F49F33F87B30}.Debug|Any CPU.Build.0 = Debug|Any CPU
		{986BE2B8-C05F-4BCF-938B-63C1393A7C94}.Debug|Any CPU.ActiveCfg = Debug|Any CPU
		{986BE2B8-C05F-4BCF-938B-63C1393A7C94}.Debug|Any CPU.Build.0 = Debug|Any CPU
		{986BE2B8-C05F-4BCF-938B-63C1393A7C94}.Release|Any CPU.ActiveCfg = Release|Any CPU
		{986BE2B8-C05F-4BCF-938B-63C1393A7C94}.Release|Any CPU.Build.0 = Release|Any CPU
		{15E983E8-901F-486A-9C6B-CE4EFBB96E6E}.Debug|Any CPU.ActiveCfg = Debug|Any CPU
		{15E983E8-901F-486A-9C6B-CE4EFBB96E6E}.Debug|Any CPU.Build.0 = Debug|Any CPU
		{15E983E8-901F-486A-9C6B-CE4EFBB96E6E}.Release|Any CPU.ActiveCfg = Release|Any CPU
		{15E983E8-901F-486A-9C6B-CE4EFBB96E6E}.Release|Any CPU.Build.0 = Release|Any CPU
		{FBB5EFD3-5B9F-426D-BBDF-37A35082E507}.Debug|Any CPU.ActiveCfg = Debug|Any CPU
		{FBB5EFD3-5B9F-426D-BBDF-37A35082E507}.Debug|Any CPU.Build.0 = Debug|Any CPU
		{FBB5EFD3-5B9F-426D-BBDF-37A35082E507}.Release|Any CPU.ActiveCfg = Release|Any CPU
		{FBB5EFD3-5B9F-426D-BBDF-37A35082E507}.Release|Any CPU.Build.0 = Release|Any CPU
	EndGlobalSection
	GlobalSection(SolutionProperties) = preSolution
		HideSolutionNode = FALSE
	EndGlobalSection
	GlobalSection(ExtensibilityGlobals) = postSolution
		SolutionGuid = {0044C0CB-87ED-483B-9857-7CC9E56EC8D5}
	EndGlobalSection
EndGlobal
